{
    "_readme": [
        "This file locks the dependencies of your project to a known state",
        "Read more about it at https://getcomposer.org/doc/01-basic-usage.md#installing-dependencies",
        "This file is @generated automatically"
    ],
    "content-hash": "a8a15897e5eec133d868e5c97f9e719d",
    "packages": [
        {
            "name": "aigletter/contracts",
            "version": "1.0.2",
            "source": {
                "type": "git",
                "url": "https://github.com/aigletter/contracts.git",
                "reference": "0194d1f67855d482e0ce40e2f01ca7df0bf04ede"
            },
            "dist": {
                "type": "zip",
                "url": "https://api.github.com/repos/aigletter/contracts/zipball/0194d1f67855d482e0ce40e2f01ca7df0bf04ede",
                "reference": "0194d1f67855d482e0ce40e2f01ca7df0bf04ede",
                "shasum": ""
            },
            "require": {
                "php": ">=7.2"
            },
            "type": "library",
            "autoload": {
                "psr-4": {
                    "Aigletter\\Contracts\\": "src/"
                }
            },
            "notification-url": "https://packagist.org/downloads/",
            "license": [
                "MIT"
            ],
            "authors": [
                {
                    "name": "Yurii Orlyk",
                    "email": "aigletter@gmail.com"
                }
            ],
            "description": "Interfaces for training project",
            "support": {
                "issues": "https://github.com/aigletter/contracts/issues",
                "source": "https://github.com/aigletter/contracts/tree/1.0.2"
            },
            "time": "2022-05-02T20:50:26+00:00"
        },
        {
            "name": "mursalov/logger",
            "version": "dev-master",
            "source": {
                "type": "git",
                "url": "https://github.com/MursalovKenan/logger.git",
                "reference": "a6e63a4fb864c7754d819a80e0a17f203ec2a727"
            },
            "dist": {
                "type": "zip",
                "url": "https://api.github.com/repos/MursalovKenan/logger/zipball/a6e63a4fb864c7754d819a80e0a17f203ec2a727",
                "reference": "a6e63a4fb864c7754d819a80e0a17f203ec2a727",
                "shasum": ""
            },
            "require": {
                "ext-pdo": "*",
                "psr/log": "^3.0"
            },
            "default-branch": true,
            "type": "library",
            "autoload": {
                "psr-4": {
                    "Mursalov\\Logger\\": "src/"
                }
            },
            "notification-url": "https://packagist.org/downloads/",
            "license": [
                "MIT"
            ],
            "authors": [
                {
                    "name": "Kenan Mursalov",
                    "email": "kenan.mursalov@gmail.com"
                }
            ],
            "description": "Hillel homework logger",
            "support": {
                "issues": "https://github.com/MursalovKenan/logger/issues",
                "source": "https://github.com/MursalovKenan/logger/tree/1.0.2"
            },
            "time": "2022-04-30T05:19:01+00:00"
        },
        {
            "name": "psr/log",
            "version": "dev-master",
            "source": {
                "type": "git",
                "url": "https://github.com/php-fig/log.git",
                "reference": "fe5ea303b0887d5caefd3d431c3e61ad47037001"
            },
            "dist": {
                "type": "zip",
                "url": "https://api.github.com/repos/php-fig/log/zipball/fe5ea303b0887d5caefd3d431c3e61ad47037001",
                "reference": "fe5ea303b0887d5caefd3d431c3e61ad47037001",
                "shasum": ""
            },
            "require": {
                "php": ">=8.0.0"
            },
            "default-branch": true,
            "type": "library",
            "extra": {
                "branch-alias": {
                    "dev-master": "3.x-dev"
                }
            },
            "autoload": {
                "psr-4": {
                    "Psr\\Log\\": "src"
                }
            },
            "notification-url": "https://packagist.org/downloads/",
            "license": [
                "MIT"
            ],
            "authors": [
                {
                    "name": "PHP-FIG",
                    "homepage": "https://www.php-fig.org/"
                }
            ],
            "description": "Common interface for logging libraries",
            "homepage": "https://github.com/php-fig/log",
            "keywords": [
                "log",
                "psr",
                "psr-3"
            ],
            "support": {
                "source": "https://github.com/php-fig/log/tree/3.0.0"
            },
            "time": "2021-07-14T16:46:02+00:00"
        },
        {
            "name": "psr/simple-cache",
            "version": "1.0.1",
            "source": {
                "type": "git",
                "url": "https://github.com/php-fig/simple-cache.git",
                "reference": "408d5eafb83c57f6365a3ca330ff23aa4a5fa39b"
            },
            "dist": {
                "type": "zip",
                "url": "https://api.github.com/repos/php-fig/simple-cache/zipball/408d5eafb83c57f6365a3ca330ff23aa4a5fa39b",
                "reference": "408d5eafb83c57f6365a3ca330ff23aa4a5fa39b",
                "shasum": ""
            },
            "require": {
                "php": ">=5.3.0"
            },
            "type": "library",
            "extra": {
                "branch-alias": {
                    "dev-master": "1.0.x-dev"
                }
            },
            "autoload": {
                "psr-4": {
                    "Psr\\SimpleCache\\": "src/"
                }
            },
            "notification-url": "https://packagist.org/downloads/",
            "license": [
                "MIT"
            ],
            "authors": [
                {
                    "name": "PHP-FIG",
                    "homepage": "http://www.php-fig.org/"
                }
            ],
            "description": "Common interfaces for simple caching",
            "keywords": [
                "cache",
                "caching",
                "psr",
                "psr-16",
                "simple-cache"
            ],
            "support": {
                "source": "https://github.com/php-fig/simple-cache/tree/master"
            },
            "time": "2017-10-23T01:57:42+00:00"
        }
    ],
    "packages-dev": [],
    "aliases": [],
    "minimum-stability": "dev",
    "stability-flags": {
        "mursalov/logger": 20
    },
    "prefer-stable": false,
    "prefer-lowest": false,
    "platform": [],
    "platform-dev": [],
    "plugin-api-version": "2.3.0"
}
